
Microsoft Visual Studio Solution File, Format Version 12.00
# Visual Studio Version 17
VisualStudioVersion = 17.6.33815.320
MinimumVisualStudioVersion = 10.0.40219.1
Project("{FAE04EC0-301F-11D3-BF4B-00C04F79EFBC}") = "Ground Items With Linq", "Ground Items With Linq.csproj", "{47B69EAE-214D-482E-AA1A-5387547EBE32}"
EndProject
Global
	GlobalSection(SolutionConfigurationPlatforms) = preSolution
		Debug|Any CPU = Debug|Any CPU
		Release|Any CPU = Release|Any CPU
	EndGlobalSection
	GlobalSection(ProjectConfigurationPlatforms) = postSolution
		{47B69EAE-214D-482E-AA1A-5387547EBE32}.Debug|Any CPU.ActiveCfg = Debug|Any CPU
		{47B69EAE-214D-482E-AA1A-5387547EBE32}.Debug|Any CPU.Build.0 = Debug|Any CPU
		{47B69EAE-214D-482E-AA1A-5387547EBE32}.Release|Any CPU.ActiveCfg = Release|Any CPU
		{47B69EAE-214D-482E-AA1A-5387547EBE32}.Release|Any CPU.Build.0 = Release|Any CPU
	EndGlobalSection
	GlobalSection(SolutionProperties) = preSolution
		HideSolutionNode = FALSE
	EndGlobalSection
	GlobalSection(ExtensibilityGlobals) = postSolution
		SolutionGuid = {60A7070A-0E60-4468-96DD-231DAD379091}
	EndGlobalSection
EndGlobal
